
Microsoft Visual Studio Solution File, Format Version 12.00
# Visual Studio Version 17
VisualStudioVersion = 17.6.33815.320
MinimumVisualStudioVersion = 10.0.40219.1
Project("{FAE04EC0-301F-11D3-BF4B-00C04F79EFBC}") = "AndrewsWebsite", "AndrewsWebsite.csproj", "{DF91B953-0411-4899-B1AE-F494B449A6D8}"
EndProject
Global
	GlobalSection(SolutionConfigurationPlatforms) = preSolution
		Debug|Any CPU = Debug|Any CPU
		Release|Any CPU = Release|Any CPU
	EndGlobalSection
	GlobalSection(ProjectConfigurationPlatforms) = postSolution
		{DF91B953-0411-4899-B1AE-F494B449A6D8}.Debug|Any CPU.ActiveCfg = Debug|Any CPU
		{DF91B953-0411-4899-B1AE-F494B449A6D8}.Debug|Any CPU.Build.0 = Debug|Any CPU
		{DF91B953-0411-4899-B1AE-F494B449A6D8}.Release|Any CPU.ActiveCfg = Release|Any CPU
		{DF91B953-0411-4899-B1AE-F494B449A6D8}.Release|Any CPU.Build.0 = Release|Any CPU
	EndGlobalSection
	GlobalSection(SolutionProperties) = preSolution
		HideSolutionNode = FALSE
	EndGlobalSection
	GlobalSection(ExtensibilityGlobals) = postSolution
		SolutionGuid = {F832AC21-26E8-4F5F-80AC-8B3794287DF0}
	EndGlobalSection
EndGlobal
